
Microsoft Visual Studio Solution File, Format Version 12.00
# Visual Studio Version 16
VisualStudioVersion = 16.0.31727.386
MinimumVisualStudioVersion = 10.0.40219.1
Project("{9A19103F-16F7-4668-BE54-9A1E7A4F7556}") = "SharpenYourSkills", "SharpenYourSkills.csproj", "{08B493D1-C32C-4925-BD6C-56CD6E214B51}"
EndProject
Project("{FAE04EC0-301F-11D3-BF4B-00C04F79EFBC}") = "SharpenYourSkillsTest", "..\SharpenYourSkillsTest\SharpenYourSkillsTest.csproj", "{32DFEBFF-FD05-43C0-8D76-E493E6CBB4F3}"
EndProject
Global
	GlobalSection(SolutionConfigurationPlatforms) = preSolution
		Debug|Any CPU = Debug|Any CPU
		Release|Any CPU = Release|Any CPU
	EndGlobalSection
	GlobalSection(ProjectConfigurationPlatforms) = postSolution
		{08B493D1-C32C-4925-BD6C-56CD6E214B51}.Debug|Any CPU.ActiveCfg = Debug|Any CPU
		{08B493D1-C32C-4925-BD6C-56CD6E214B51}.Debug|Any CPU.Build.0 = Debug|Any CPU
		{08B493D1-C32C-4925-BD6C-56CD6E214B51}.Release|Any CPU.ActiveCfg = Release|Any CPU
		{08B493D1-C32C-4925-BD6C-56CD6E214B51}.Release|Any CPU.Build.0 = Release|Any CPU
		{32DFEBFF-FD05-43C0-8D76-E493E6CBB4F3}.Debug|Any CPU.ActiveCfg = Debug|Any CPU
		{32DFEBFF-FD05-43C0-8D76-E493E6CBB4F3}.Debug|Any CPU.Build.0 = Debug|Any CPU
		{32DFEBFF-FD05-43C0-8D76-E493E6CBB4F3}.Release|Any CPU.ActiveCfg = Release|Any CPU
		{32DFEBFF-FD05-43C0-8D76-E493E6CBB4F3}.Release|Any CPU.Build.0 = Release|Any CPU
	EndGlobalSection
	GlobalSection(SolutionProperties) = preSolution
		HideSolutionNode = FALSE
	EndGlobalSection
	GlobalSection(ExtensibilityGlobals) = postSolution
		SolutionGuid = {929869F8-D0C6-4393-9FD5-B184E2E28D41}
	EndGlobalSection
EndGlobal
